
Microsoft Visual Studio Solution File, Format Version 12.00
Project("{FAE04EC0-301F-11D3-BF4B-00C04F79EFBC}") = "Twicme.Budget", "Twicme.Budget\Twicme.Budget.csproj", "{1172B9C6-96C7-4C23-8FDE-7D9094B9F3A1}"
EndProject
Project("{FAE04EC0-301F-11D3-BF4B-00C04F79EFBC}") = "Twicme.Budget.Tests", "..\tests\Twicme.Budget.Tests\Twicme.Budget.Tests.csproj", "{2F7245D1-8072-4B5F-BD11-5BC1B15C5608}"
EndProject
Global
	GlobalSection(SolutionConfigurationPlatforms) = preSolution
		Debug|Any CPU = Debug|Any CPU
		Release|Any CPU = Release|Any CPU
	EndGlobalSection
	GlobalSection(ProjectConfigurationPlatforms) = postSolution
		{1172B9C6-96C7-4C23-8FDE-7D9094B9F3A1}.Debug|Any CPU.ActiveCfg = Debug|Any CPU
		{1172B9C6-96C7-4C23-8FDE-7D9094B9F3A1}.Debug|Any CPU.Build.0 = Debug|Any CPU
		{1172B9C6-96C7-4C23-8FDE-7D9094B9F3A1}.Release|Any CPU.ActiveCfg = Release|Any CPU
		{1172B9C6-96C7-4C23-8FDE-7D9094B9F3A1}.Release|Any CPU.Build.0 = Release|Any CPU
		{2F7245D1-8072-4B5F-BD11-5BC1B15C5608}.Debug|Any CPU.ActiveCfg = Debug|Any CPU
		{2F7245D1-8072-4B5F-BD11-5BC1B15C5608}.Debug|Any CPU.Build.0 = Debug|Any CPU
		{2F7245D1-8072-4B5F-BD11-5BC1B15C5608}.Release|Any CPU.ActiveCfg = Release|Any CPU
		{2F7245D1-8072-4B5F-BD11-5BC1B15C5608}.Release|Any CPU.Build.0 = Release|Any CPU
	EndGlobalSection
EndGlobal
